
Microsoft Visual Studio Solution File, Format Version 12.00
# Visual Studio Version 16
VisualStudioVersion = 16.0.31729.503
MinimumVisualStudioVersion = 10.0.40219.1
Project("{FAE04EC0-301F-11D3-BF4B-00C04F79EFBC}") = "Inv.API", "API\Inv.API.csproj", "{4CF53069-EF30-4E33-A93F-AC98B88BBA00}"
EndProject
Project("{FAE04EC0-301F-11D3-BF4B-00C04F79EFBC}") = "Inv.BLL", "BLL\Inv.BLL.csproj", "{FAB4E0B7-AA99-44F2-A5F5-44B9D54A89B1}"
EndProject
Project("{FAE04EC0-301F-11D3-BF4B-00C04F79EFBC}") = "Inv.WebUI", "WebUI\Inv.WebUI.csproj", "{1BCF026B-2D34-4677-8CBE-4C571660781C}"
EndProject
Project("{FAE04EC0-301F-11D3-BF4B-00C04F79EFBC}") = "Inv.DAL", "Inv.DAL\Inv.DAL.csproj", "{4A500666-7D24-47E3-A374-2F4A28CB26B5}"
EndProject
Project("{FAE04EC0-301F-11D3-BF4B-00C04F79EFBC}") = "Inv.Static", "Inv.Static\Inv.Static.csproj", "{41E67ED6-6818-4DDA-8619-0C5200F3DFCC}"
EndProject
Global
	GlobalSection(SolutionConfigurationPlatforms) = preSolution
		Debug|Any CPU = Debug|Any CPU
		Release|Any CPU = Release|Any CPU
	EndGlobalSection
	GlobalSection(ProjectConfigurationPlatforms) = postSolution
		{4CF53069-EF30-4E33-A93F-AC98B88BBA00}.Debug|Any CPU.ActiveCfg = Debug|Any CPU
		{4CF53069-EF30-4E33-A93F-AC98B88BBA00}.Debug|Any CPU.Build.0 = Debug|Any CPU
		{4CF53069-EF30-4E33-A93F-AC98B88BBA00}.Release|Any CPU.ActiveCfg = Release|Any CPU
		{4CF53069-EF30-4E33-A93F-AC98B88BBA00}.Release|Any CPU.Build.0 = Release|Any CPU
		{FAB4E0B7-AA99-44F2-A5F5-44B9D54A89B1}.Debug|Any CPU.ActiveCfg = Debug|Any CPU
		{FAB4E0B7-AA99-44F2-A5F5-44B9D54A89B1}.Debug|Any CPU.Build.0 = Debug|Any CPU
		{FAB4E0B7-AA99-44F2-A5F5-44B9D54A89B1}.Release|Any CPU.ActiveCfg = Release|Any CPU
		{FAB4E0B7-AA99-44F2-A5F5-44B9D54A89B1}.Release|Any CPU.Build.0 = Release|Any CPU
		{1BCF026B-2D34-4677-8CBE-4C571660781C}.Debug|Any CPU.ActiveCfg = Debug|Any CPU
		{1BCF026B-2D34-4677-8CBE-4C571660781C}.Debug|Any CPU.Build.0 = Debug|Any CPU
		{1BCF026B-2D34-4677-8CBE-4C571660781C}.Release|Any CPU.ActiveCfg = Release|Any CPU
		{1BCF026B-2D34-4677-8CBE-4C571660781C}.Release|Any CPU.Build.0 = Release|Any CPU
		{4A500666-7D24-47E3-A374-2F4A28CB26B5}.Debug|Any CPU.ActiveCfg = Debug|Any CPU
		{4A500666-7D24-47E3-A374-2F4A28CB26B5}.Debug|Any CPU.Build.0 = Debug|Any CPU
		{4A500666-7D24-47E3-A374-2F4A28CB26B5}.Release|Any CPU.ActiveCfg = Release|Any CPU
		{4A500666-7D24-47E3-A374-2F4A28CB26B5}.Release|Any CPU.Build.0 = Release|Any CPU
		{41E67ED6-6818-4DDA-8619-0C5200F3DFCC}.Debug|Any CPU.ActiveCfg = Debug|Any CPU
		{41E67ED6-6818-4DDA-8619-0C5200F3DFCC}.Debug|Any CPU.Build.0 = Debug|Any CPU
		{41E67ED6-6818-4DDA-8619-0C5200F3DFCC}.Release|Any CPU.ActiveCfg = Release|Any CPU
		{41E67ED6-6818-4DDA-8619-0C5200F3DFCC}.Release|Any CPU.Build.0 = Release|Any CPU
	EndGlobalSection
	GlobalSection(SolutionProperties) = preSolution
		HideSolutionNode = FALSE
	EndGlobalSection
	GlobalSection(ExtensibilityGlobals) = postSolution
		SolutionGuid = {A0B3B5E7-6031-493A-AA86-DC8BA181123C}
	EndGlobalSection
EndGlobal
